
Microsoft Visual Studio Solution File, Format Version 12.00
# Visual Studio 15
VisualStudioVersion = 15.0.28307.779
MinimumVisualStudioVersion = 10.0.40219.1
Project("{FAE04EC0-301F-11D3-BF4B-00C04F79EFBC}") = "Kutsal_Kitaplar", "Kutsal_Kitaplar.csproj", "{D86724D3-BC58-4F79-97AF-6564A0EBE201}"
EndProject
Global
	GlobalSection(SolutionConfigurationPlatforms) = preSolution
		Debug|Any CPU = Debug|Any CPU
		Debug|x86 = Debug|x86
		Release|Any CPU = Release|Any CPU
		Release|x86 = Release|x86
	EndGlobalSection
	GlobalSection(ProjectConfigurationPlatforms) = postSolution
		{D86724D3-BC58-4F79-97AF-6564A0EBE201}.Debug|Any CPU.ActiveCfg = Debug|Any CPU
		{D86724D3-BC58-4F79-97AF-6564A0EBE201}.Debug|Any CPU.Build.0 = Debug|Any CPU
		{D86724D3-BC58-4F79-97AF-6564A0EBE201}.Debug|x86.ActiveCfg = Release|x86
		{D86724D3-BC58-4F79-97AF-6564A0EBE201}.Debug|x86.Build.0 = Release|x86
		{D86724D3-BC58-4F79-97AF-6564A0EBE201}.Release|Any CPU.ActiveCfg = Release|Any CPU
		{D86724D3-BC58-4F79-97AF-6564A0EBE201}.Release|Any CPU.Build.0 = Release|Any CPU
		{D86724D3-BC58-4F79-97AF-6564A0EBE201}.Release|x86.ActiveCfg = Release|x86
		{D86724D3-BC58-4F79-97AF-6564A0EBE201}.Release|x86.Build.0 = Release|x86
	EndGlobalSection
	GlobalSection(SolutionProperties) = preSolution
		HideSolutionNode = FALSE
	EndGlobalSection
	GlobalSection(ExtensibilityGlobals) = postSolution
		SolutionGuid = {4DB5FB6A-E127-48A8-AE58-A2234AA41DB3}
	EndGlobalSection
EndGlobal
